
Microsoft Visual Studio Solution File, Format Version 12.00
# Visual Studio 2012
Project("{2150E333-8FDC-42A3-9474-1A3956D46DE8}") = "Demo1", "Demo1", "{8C2D6DBE-7C44-4106-843B-420DECB97F20}"
EndProject
Project("{2150E333-8FDC-42A3-9474-1A3956D46DE8}") = "Demo2", "Demo2", "{66CA3C46-F7FA-4488-B383-830DE90E6851}"
EndProject
Project("{FAE04EC0-301F-11D3-BF4B-00C04F79EFBC}") = "Publisher", "Demo1\Publisher\Publisher.csproj", "{A82B3BCE-57F6-433F-993E-8BC2E1E593BA}"
EndProject
Project("{FAE04EC0-301F-11D3-BF4B-00C04F79EFBC}") = "Subscriber", "Demo1\Subscriber\Subscriber.csproj", "{4C87BD2F-C3F5-444A-8843-AD0CB8AB3366}"
EndProject
Project("{FAE04EC0-301F-11D3-BF4B-00C04F79EFBC}") = "Client", "Demo2\Client\Client.csproj", "{0849D178-51D1-4137-827C-676373ABC635}"
EndProject
Project("{FAE04EC0-301F-11D3-BF4B-00C04F79EFBC}") = "Service", "Demo2\Service\Service.csproj", "{903EBE24-D302-418C-A80C-68C7C06138F0}"
EndProject
Project("{2150E333-8FDC-42A3-9474-1A3956D46DE8}") = "Demo3", "Demo3", "{6A22D073-015B-4D68-9908-CC01CC3DF896}"
EndProject
Project("{FAE04EC0-301F-11D3-BF4B-00C04F79EFBC}") = "Client", "Demo3\Client\Client.csproj", "{E392F150-BD37-417E-AE47-0908BE42E9E2}"
EndProject
Project("{FAE04EC0-301F-11D3-BF4B-00C04F79EFBC}") = "Contract", "Demo3\Contract\Contract.csproj", "{10EE04A2-66C2-45CB-96A1-AA8B2755B244}"
EndProject
Project("{FAE04EC0-301F-11D3-BF4B-00C04F79EFBC}") = "Service", "Demo3\Service\Service.csproj", "{DDB9B435-F4D8-4FAF-9579-BBD0898D5C90}"
EndProject
Global
	GlobalSection(SolutionConfigurationPlatforms) = preSolution
		Debug|Any CPU = Debug|Any CPU
		Release|Any CPU = Release|Any CPU
	EndGlobalSection
	GlobalSection(ProjectConfigurationPlatforms) = postSolution
		{A82B3BCE-57F6-433F-993E-8BC2E1E593BA}.Debug|Any CPU.ActiveCfg = Debug|Any CPU
		{A82B3BCE-57F6-433F-993E-8BC2E1E593BA}.Debug|Any CPU.Build.0 = Debug|Any CPU
		{A82B3BCE-57F6-433F-993E-8BC2E1E593BA}.Release|Any CPU.ActiveCfg = Release|Any CPU
		{A82B3BCE-57F6-433F-993E-8BC2E1E593BA}.Release|Any CPU.Build.0 = Release|Any CPU
		{4C87BD2F-C3F5-444A-8843-AD0CB8AB3366}.Debug|Any CPU.ActiveCfg = Debug|Any CPU
		{4C87BD2F-C3F5-444A-8843-AD0CB8AB3366}.Debug|Any CPU.Build.0 = Debug|Any CPU
		{4C87BD2F-C3F5-444A-8843-AD0CB8AB3366}.Release|Any CPU.ActiveCfg = Release|Any CPU
		{4C87BD2F-C3F5-444A-8843-AD0CB8AB3366}.Release|Any CPU.Build.0 = Release|Any CPU
		{0849D178-51D1-4137-827C-676373ABC635}.Debug|Any CPU.ActiveCfg = Debug|Any CPU
		{0849D178-51D1-4137-827C-676373ABC635}.Debug|Any CPU.Build.0 = Debug|Any CPU
		{0849D178-51D1-4137-827C-676373ABC635}.Release|Any CPU.ActiveCfg = Release|Any CPU
		{0849D178-51D1-4137-827C-676373ABC635}.Release|Any CPU.Build.0 = Release|Any CPU
		{903EBE24-D302-418C-A80C-68C7C06138F0}.Debug|Any CPU.ActiveCfg = Debug|Any CPU
		{903EBE24-D302-418C-A80C-68C7C06138F0}.Debug|Any CPU.Build.0 = Debug|Any CPU
		{903EBE24-D302-418C-A80C-68C7C06138F0}.Release|Any CPU.ActiveCfg = Release|Any CPU
		{903EBE24-D302-418C-A80C-68C7C06138F0}.Release|Any CPU.Build.0 = Release|Any CPU
		{E392F150-BD37-417E-AE47-0908BE42E9E2}.Debug|Any CPU.ActiveCfg = Debug|Any CPU
		{E392F150-BD37-417E-AE47-0908BE42E9E2}.Debug|Any CPU.Build.0 = Debug|Any CPU
		{E392F150-BD37-417E-AE47-0908BE42E9E2}.Release|Any CPU.ActiveCfg = Release|Any CPU
		{E392F150-BD37-417E-AE47-0908BE42E9E2}.Release|Any CPU.Build.0 = Release|Any CPU
		{10EE04A2-66C2-45CB-96A1-AA8B2755B244}.Debug|Any CPU.ActiveCfg = Debug|Any CPU
		{10EE04A2-66C2-45CB-96A1-AA8B2755B244}.Debug|Any CPU.Build.0 = Debug|Any CPU
		{10EE04A2-66C2-45CB-96A1-AA8B2755B244}.Release|Any CPU.ActiveCfg = Release|Any CPU
		{10EE04A2-66C2-45CB-96A1-AA8B2755B244}.Release|Any CPU.Build.0 = Release|Any CPU
		{DDB9B435-F4D8-4FAF-9579-BBD0898D5C90}.Debug|Any CPU.ActiveCfg = Debug|Any CPU
		{DDB9B435-F4D8-4FAF-9579-BBD0898D5C90}.Debug|Any CPU.Build.0 = Debug|Any CPU
		{DDB9B435-F4D8-4FAF-9579-BBD0898D5C90}.Release|Any CPU.ActiveCfg = Release|Any CPU
		{DDB9B435-F4D8-4FAF-9579-BBD0898D5C90}.Release|Any CPU.Build.0 = Release|Any CPU
	EndGlobalSection
	GlobalSection(SolutionProperties) = preSolution
		HideSolutionNode = FALSE
	EndGlobalSection
	GlobalSection(NestedProjects) = preSolution
		{A82B3BCE-57F6-433F-993E-8BC2E1E593BA} = {8C2D6DBE-7C44-4106-843B-420DECB97F20}
		{4C87BD2F-C3F5-444A-8843-AD0CB8AB3366} = {8C2D6DBE-7C44-4106-843B-420DECB97F20}
		{0849D178-51D1-4137-827C-676373ABC635} = {66CA3C46-F7FA-4488-B383-830DE90E6851}
		{903EBE24-D302-418C-A80C-68C7C06138F0} = {66CA3C46-F7FA-4488-B383-830DE90E6851}
		{E392F150-BD37-417E-AE47-0908BE42E9E2} = {6A22D073-015B-4D68-9908-CC01CC3DF896}
		{10EE04A2-66C2-45CB-96A1-AA8B2755B244} = {6A22D073-015B-4D68-9908-CC01CC3DF896}
		{DDB9B435-F4D8-4FAF-9579-BBD0898D5C90} = {6A22D073-015B-4D68-9908-CC01CC3DF896}
	EndGlobalSection
EndGlobal
